// !$*UTF8*$!
{
	archiveVersion = 1;
	classes = {
	};
	objectVersion = 55;
	objects = {

/* Begin PBXBuildFile section */
		E9235C95278EAA2300C73737 /* AppDelegate.swift in Sources */ = {isa = PBXBuildFile; fileRef = E9235C94278EAA2300C73737 /* AppDelegate.swift */; };
		E9235C97278EAA2300C73737 /* SceneDelegate.swift in Sources */ = {isa = PBXBuildFile; fileRef = E9235C96278EAA2300C73737 /* SceneDelegate.swift */; };
		E9235C99278EAA2300C73737 /* ViewController.swift in Sources */ = {isa = PBXBuildFile; fileRef = E9235C98278EAA2300C73737 /* ViewController.swift */; };
		E9235C9C278EAA2300C73737 /* Main.storyboard in Resources */ = {isa = PBXBuildFile; fileRef = E9235C9A278EAA2300C73737 /* Main.storyboard */; };
		E9235C9E278EAA2500C73737 /* Assets.xcassets in Resources */ = {isa = PBXBuildFile; fileRef = E9235C9D278EAA2500C73737 /* Assets.xcassets */; };
		E9235CA1278EAA2500C73737 /* LaunchScreen.storyboard in Resources */ = {isa = PBXBuildFile; fileRef = E9235C9F278EAA2500C73737 /* LaunchScreen.storyboard */; };
		E9235CAC278EAA2600C73737 /* TodoTests.swift in Sources */ = {isa = PBXBuildFile; fileRef = E9235CAB278EAA2600C73737 /* TodoTests.swift */; };
		E9235CB6278EAA2600C73737 /* TodoUITests.swift in Sources */ = {isa = PBXBuildFile; fileRef = E9235CB5278EAA2600C73737 /* TodoUITests.swift */; };
		E9235CB8278EAA2600C73737 /* TodoUITestsLaunchTests.swift in Sources */ = {isa = PBXBuildFile; fileRef = E9235CB7278EAA2600C73737 /* TodoUITestsLaunchTests.swift */; };
/* End PBXBuildFile section */

/* Begin PBXContainerItemProxy section */
		E9235CA8278EAA2600C73737 /* PBXContainerItemProxy */ = {
			isa = PBXContainerItemProxy;
			containerPortal = E9235C89278EAA2300C73737 /* Project object */;
			proxyType = 1;
			remoteGlobalIDString = E9235C90278EAA2300C73737;
			remoteInfo = Todo;
		};
		E9235CB2278EAA2600C73737 /* PBXContainerItemProxy */ = {
			isa = PBXContainerItemProxy;
			containerPortal = E9235C89278EAA2300C73737 /* Project object */;
			proxyType = 1;
			remoteGlobalIDString = E9235C90278EAA2300C73737;
			remoteInfo = Todo;
		};
/* End PBXContainerItemProxy section */

/* Begin PBXFileReference section */
		E9235C91278EAA2300C73737 /* Todo.app */ = {isa = PBXFileReference; explicitFileType = wrapper.application; includeInIndex = 0; path = Todo.app; sourceTree = BUILT_PRODUCTS_DIR; };
		E9235C94278EAA2300C73737 /* AppDelegate.swift */ = {isa = PBXFileReference; lastKnownFileType = sourcecode.swift; path = AppDelegate.swift; sourceTree = "<group>"; };
		E9235C96278EAA2300C73737 /* SceneDelegate.swift */ = {isa = PBXFileReference; lastKnownFileType = sourcecode.swift; path = SceneDelegate.swift; sourceTree = "<group>"; };
		E9235C98278EAA2300C73737 /* ViewController.swift */ = {isa = PBXFileReference; lastKnownFileType = sourcecode.swift; path = ViewController.swift; sourceTree = "<group>"; };
		E9235C9B278EAA2300C73737 /* Base */ = {isa = PBXFileReference; lastKnownFileType = file.storyboard; name = Base; path = Base.lproj/Main.storyboard; sourceTree = "<group>"; };
		E9235C9D278EAA2500C73737 /* Assets.xcassets */ = {isa = PBXFileReference; lastKnownFileType = folder.assetcatalog; path = Assets.xcassets; sourceTree = "<group>"; };
		E9235CA0278EAA2500C73737 /* Base */ = {isa = PBXFileReference; lastKnownFileType = file.storyboard; name = Base; path = Base.lproj/LaunchScreen.storyboard; sourceTree = "<group>"; };
		E9235CA2278EAA2500C73737 /* Info.plist */ = {isa = PBXFileReference; lastKnownFileType = text.plist.xml; path = Info.plist; sourceTree = "<group>"; };
		E9235CA7278EAA2600C73737 /* TodoTests.xctest */ = {isa = PBXFileReference; explicitFileType = wrapper.cfbundle; includeInIndex = 0; path = TodoTests.xctest; sourceTree = BUILT_PRODUCTS_DIR; };
		E9235CAB278EAA2600C73737 /* TodoTests.swift */ = {isa = PBXFileReference; lastKnownFileType = sourcecode.swift; path = TodoTests.swift; sourceTree = "<group>"; };
		E9235CB1278EAA2600C73737 /* TodoUITests.xctest */ = {isa = PBXFileReference; explicitFileType = wrapper.cfbundle; includeInIndex = 0; path = TodoUITests.xctest; sourceTree = BUILT_PRODUCTS_DIR; };
		E9235CB5278EAA2600C73737 /* TodoUITests.swift */ = {isa = PBXFileReference; lastKnownFileType = sourcecode.swift; path = TodoUITests.swift; sourceTree = "<group>"; };
		E9235CB7278EAA2600C73737 /* TodoUITestsLaunchTests.swift */ = {isa = PBXFileReference; lastKnownFileType = sourcecode.swift; path = TodoUITestsLaunchTests.swift; sourceTree = "<group>"; };
/* End PBXFileReference section */

/* Begin PBXFrameworksBuildPhase section */
		E9235C8E278EAA2300C73737 /* Frameworks */ = {
			isa = PBXFrameworksBuildPhase;
			buildActionMask = 2147483647;
			files = (
			);
			runOnlyForDeploymentPostprocessing = 0;
		};
		E9235CA4278EAA2600C73737 /* Frameworks */ = {
			isa = PBXFrameworksBuildPhase;
			buildActionMask = 2147483647;
			files = (
			);
			runOnlyForDeploymentPostprocessing = 0;
		};
		E9235CAE278EAA2600C73737 /* Frameworks */ = {
			isa = PBXFrameworksBuildPhase;
			buildActionMask = 2147483647;
			files = (
			);
			runOnlyForDeploymentPostprocessing = 0;
		};
/* End PBXFrameworksBuildPhase section */

/* Begin PBXGroup section */
		E9235C88278EAA2300C73737 = {
			isa = PBXGroup;
			children = (
				E9235C93278EAA2300C73737 /* Todo */,
				E9235CAA278EAA2600C73737 /* TodoTests */,
				E9235CB4278EAA2600C73737 /* TodoUITests */,
				E9235C92278EAA2300C73737 /* Products */,
			);
			sourceTree = "<group>";
		};
		E9235C92278EAA2300C73737 /* Products */ = {
			isa = PBXGroup;
			children = (
				E9235C91278EAA2300C73737 /* Todo.app */,
				E9235CA7278EAA2600C73737 /* TodoTests.xctest */,
				E9235CB1278EAA2600C73737 /* TodoUITests.xctest */,
			);
			name = Products;
			sourceTree = "<group>";
		};
		E9235C93278EAA2300C73737 /* Todo */ = {
			isa = PBXGroup;
			children = (
				E9235C94278EAA2300C73737 /* AppDelegate.swift */,
				E9235C96278EAA2300C73737 /* SceneDelegate.swift */,
				E9235C98278EAA2300C73737 /* ViewController.swift */,
				E9235C9A278EAA2300C73737 /* Main.storyboard */,
				E9235C9D278EAA2500C73737 /* Assets.xcassets */,
				E9235C9F278EAA2500C73737 /* LaunchScreen.storyboard */,
				E9235CA2278EAA2500C73737 /* Info.plist */,
			);
			path = Todo;
			sourceTree = "<group>";
		};
		E9235CAA278EAA2600C73737 /* TodoTests */ = {
			isa = PBXGroup;
			children = (
				E9235CAB278EAA2600C73737 /* TodoTests.swift */,
			);
			path = TodoTests;
			sourceTree = "<group>";
		};
		E9235CB4278EAA2600C73737 /* TodoUITests */ = {
			isa = PBXGroup;
			children = (
				E9235CB5278EAA2600C73737 /* TodoUITests.swift */,
				E9235CB7278EAA2600C73737 /* TodoUITestsLaunchTests.swift */,
			);
			path = TodoUITests;
			sourceTree = "<group>";
		};
/* End PBXGroup section */

/* Begin PBXNativeTarget section */
		E9235C90278EAA2300C73737 /* Todo */ = {
			isa = PBXNativeTarget;
			buildConfigurationList = E9235CBB278EAA2600C73737 /* Build configuration list for PBXNativeTarget "Todo" */;
			buildPhases = (
				E9235C8D278EAA2300C73737 /* Sources */,
				E9235C8E278EAA2300C73737 /* Frameworks */,
				E9235C8F278EAA2300C73737 /* Resources */,
			);
			buildRules = (
			);
			dependencies = (
			);
			name = Todo;
			productName = Todo;
			productReference = E9235C91278EAA2300C73737 /* Todo.app */;
			productType = "com.apple.product-type.application";
		};
		E9235CA6278EAA2600C73737 /* TodoTests */ = {
			isa = PBXNativeTarget;
			buildConfigurationList = E9235CBE278EAA2600C73737 /* Build configuration list for PBXNativeTarget "TodoTests" */;
			buildPhases = (
				E9235CA3278EAA2600C73737 /* Sources */,
				E9235CA4278EAA2600C73737 /* Frameworks */,
				E9235CA5278EAA2600C73737 /* Resources */,
			);
			buildRules = (
			);
			dependencies = (
				E9235CA9278EAA2600C73737 /* PBXTargetDependency */,
			);
			name = TodoTests;
			productName = TodoTests;
			productReference = E9235CA7278EAA2600C73737 /* TodoTests.xctest */;
			productType = "com.apple.product-type.bundle.unit-test";
		};
		E9235CB0278EAA2600C73737 /* TodoUITests */ = {
			isa = PBXNativeTarget;
			buildConfigurationList = E9235CC1278EAA2600C73737 /* Build configuration list for PBXNativeTarget "TodoUITests" */;
			buildPhases = (
				E9235CAD278EAA2600C73737 /* Sources */,
				E9235CAE278EAA2600C73737 /* Frameworks */,
				E9235CAF278EAA2600C73737 /* Resources */,
			);
			buildRules = (
			);
			dependencies = (
				E9235CB3278EAA2600C73737 /* PBXTargetDependency */,
			);
			name = TodoUITests;
			productName = TodoUITests;
			productReference = E9235CB1278EAA2600C73737 /* TodoUITests.xctest */;
			productType = "com.apple.product-type.bundle.ui-testing";
		};
/* End PBXNativeTarget section */

/* Begin PBXProject section */
		E9235C89278EAA2300C73737 /* Project object */ = {
			isa = PBXProject;
			attributes = {
				BuildIndependentTargetsInParallel = 1;
				LastSwiftUpdateCheck = 1320;
				LastUpgradeCheck = 1320;
				TargetAttributes = {
					E9235C90278EAA2300C73737 = {
						CreatedOnToolsVersion = 13.2.1;
					};
					E9235CA6278EAA2600C73737 = {
						CreatedOnToolsVersion = 13.2.1;
						TestTargetID = E9235C90278EAA2300C73737;
					};
					E9235CB0278EAA2600C73737 = {
						CreatedOnToolsVersion = 13.2.1;
						TestTargetID = E9235C90278EAA2300C73737;
					};
				};
			};
			buildConfigurationList = E9235C8C278EAA2300C73737 /* Build configuration list for PBXProject "Todo" */;
			compatibilityVersion = "Xcode 13.0";
			developmentRegion = en;
			hasScannedForEncodings = 0;
			knownRegions = (
				en,
				Base,
			);
			mainGroup = E9235C88278EAA2300C73737;
			productRefGroup = E9235C92278EAA2300C73737 /* Products */;
			projectDirPath = "";
			projectRoot = "";
			targets = (
				E9235C90278EAA2300C73737 /* Todo */,
				E9235CA6278EAA2600C73737 /* TodoTests */,
				E9235CB0278EAA2600C73737 /* TodoUITests */,
			);
		};
/* End PBXProject section */

/* Begin PBXResourcesBuildPhase section */
		E9235C8F278EAA2300C73737 /* Resources */ = {
			isa = PBXResourcesBuildPhase;
			buildActionMask = 2147483647;
			files = (
				E9235CA1278EAA2500C73737 /* LaunchScreen.storyboard in Resources */,
				E9235C9E278EAA2500C73737 /* Assets.xcassets in Resources */,
				E9235C9C278EAA2300C73737 /* Main.storyboard in Resources */,
			);
			runOnlyForDeploymentPostprocessing = 0;
		};
		E9235CA5278EAA2600C73737 /* Resources */ = {
			isa = PBXResourcesBuildPhase;
			buildActionMask = 2147483647;
			files = (
			);
			runOnlyForDeploymentPostprocessing = 0;
		};
		E9235CAF278EAA2600C73737 /* Resources */ = {
			isa = PBXResourcesBuildPhase;
			buildActionMask = 2147483647;
			files = (
			);
			runOnlyForDeploymentPostprocessing = 0;
		};
/* End PBXResourcesBuildPhase section */

/* Begin PBXSourcesBuildPhase section */
		E9235C8D278EAA2300C73737 /* Sources */ = {
			isa = PBXSourcesBuildPhase;
			buildActionMask = 2147483647;
			files = (
				E9235C99278EAA2300C73737 /* ViewController.swift in Sources */,
				E9235C95278EAA2300C73737 /* AppDelegate.swift in Sources */,
				E9235C97278EAA2300C73737 /* SceneDelegate.swift in Sources */,
			);
			runOnlyForDeploymentPostprocessing = 0;
		};
		E9235CA3278EAA2600C73737 /* Sources */ = {
			isa = PBXSourcesBuildPhase;
			buildActionMask = 2147483647;
			files = (
				E9235CAC278EAA2600C73737 /* TodoTests.swift in Sources */,
			);
			runOnlyForDeploymentPostprocessing = 0;
		};
		E9235CAD278EAA2600C73737 /* Sources */ = {
			isa = PBXSourcesBuildPhase;
			buildActionMask = 2147483647;
			files = (
				E9235CB8278EAA2600C73737 /* TodoUITestsLaunchTests.swift in Sources */,
				E9235CB6278EAA2600C73737 /* TodoUITests.swift in Sources */,
			);
			runOnlyForDeploymentPostprocessing = 0;
		};
/* End PBXSourcesBuildPhase section */

/* Begin PBXTargetDependency section */
		E9235CA9278EAA2600C73737 /* PBXTargetDependency */ = {
			isa = PBXTargetDependency;
			target = E9235C90278EAA2300C73737 /* Todo */;
			targetProxy = E9235CA8278EAA2600C73737 /* PBXContainerItemProxy */;
		};
		E9235CB3278EAA2600C73737 /* PBXTargetDependency */ = {
			isa = PBXTargetDependency;
			target = E9235C90278EAA2300C73737 /* Todo */;
			targetProxy = E9235CB2278EAA2600C73737 /* PBXContainerItemProxy */;
		};
/* End PBXTargetDependency section */

/* Begin PBXVariantGroup section */
		E9235C9A278EAA2300C73737 /* Main.storyboard */ = {
			isa = PBXVariantGroup;
			children = (
				E9235C9B278EAA2300C73737 /* Base */,
			);
			name = Main.storyboard;
			sourceTree = "<group>";
		};
		E9235C9F278EAA2500C73737 /* LaunchScreen.storyboard */ = {
			isa = PBXVariantGroup;
			children = (
				E9235CA0278EAA2500C73737 /* Base */,
			);
			name = LaunchScreen.storyboard;
			sourceTree = "<group>";
		};
/* End PBXVariantGroup section */

/* Begin XCBuildConfiguration section */
		E9235CB9278EAA2600C73737 /* Debug */ = {
			isa = XCBuildConfiguration;
			buildSettings = {
				ALWAYS_SEARCH_USER_PATHS = NO;
				CLANG_ANALYZER_NONNULL = YES;
				CLANG_ANALYZER_NUMBER_OBJECT_CONVERSION = YES_AGGRESSIVE;
				CLANG_CXX_LANGUAGE_STANDARD = "gnu++17";
				CLANG_CXX_LIBRARY = "libc++";
				CLANG_ENABLE_MODULES = YES;
				CLANG_ENABLE_OBJC_ARC = YES;
				CLANG_ENABLE_OBJC_WEAK = YES;
				CLANG_WARN_BLOCK_CAPTURE_AUTORELEASING = YES;
				CLANG_WARN_BOOL_CONVERSION = YES;
				CLANG_WARN_COMMA = YES;
				CLANG_WARN_CONSTANT_CONVERSION = YES;
				CLANG_WARN_DEPRECATED_OBJC_IMPLEMENTATIONS = YES;
				CLANG_WARN_DIRECT_OBJC_ISA_USAGE = YES_ERROR;
				CLANG_WARN_DOCUMENTATION_COMMENTS = YES;
				CLANG_WARN_EMPTY_BODY = YES;
				CLANG_WARN_ENUM_CONVERSION = YES;
				CLANG_WARN_INFINITE_RECURSION = YES;
				CLANG_WARN_INT_CONVERSION = YES;
				CLANG_WARN_NON_LITERAL_NULL_CONVERSION = YES;
				CLANG_WARN_OBJC_IMPLICIT_RETAIN_SELF = YES;
				CLANG_WARN_OBJC_LITERAL_CONVERSION = YES;
				CLANG_WARN_OBJC_ROOT_CLASS = YES_ERROR;
				CLANG_WARN_QUOTED_INCLUDE_IN_FRAMEWORK_HEADER = YES;
				CLANG_WARN_RANGE_LOOP_ANALYSIS = YES;
				CLANG_WARN_STRICT_PROTOTYPES = YES;
				CLANG_WARN_SUSPICIOUS_MOVE = YES;
				CLANG_WARN_UNGUARDED_AVAILABILITY = YES_AGGRESSIVE;
				CLANG_WARN_UNREACHABLE_CODE = YES;
				CLANG_WARN__DUPLICATE_METHOD_MATCH = YES;
				COPY_PHASE_STRIP = NO;
				DEBUG_INFORMATION_FORMAT = dwarf;
				ENABLE_STRICT_OBJC_MSGSEND = YES;
				ENABLE_TESTABILITY = YES;
				GCC_C_LANGUAGE_STANDARD = gnu11;
				GCC_DYNAMIC_NO_PIC = NO;
				GCC_NO_COMMON_BLOCKS = YES;
				GCC_OPTIMIZATION_LEVEL = 0;
				GCC_PREPROCESSOR_DEFINITIONS = (
					"DEBUG=1",
					"$(inherited)",
				);
				GCC_WARN_64_TO_32_BIT_CONVERSION = YES;
				GCC_WARN_ABOUT_RETURN_TYPE = YES_ERROR;
				GCC_WARN_UNDECLARED_SELECTOR = YES;
				GCC_WARN_UNINITIALIZED_AUTOS = YES_AGGRESSIVE;
				GCC_WARN_UNUSED_FUNCTION = YES;
				GCC_WARN_UNUSED_VARIABLE = YES;
				IPHONEOS_DEPLOYMENT_TARGET = 15.2;
				MTL_ENABLE_DEBUG_INFO = INCLUDE_SOURCE;
				MTL_FAST_MATH = YES;
				ONLY_ACTIVE_ARCH = YES;
				SDKROOT = iphoneos;
				SWIFT_ACTIVE_COMPILATION_CONDITIONS = DEBUG;
				SWIFT_OPTIMIZATION_LEVEL = "-Onone";
			};
			name = Debug;
		};
		E9235CBA278EAA2600C73737 /* Release */ = {
			isa = XCBuildConfiguration;
			buildSettings = {
				ALWAYS_SEARCH_USER_PATHS = NO;
				CLANG_ANALYZER_NONNULL = YES;
				CLANG_ANALYZER_NUMBER_OBJECT_CONVERSION = YES_AGGRESSIVE;
				CLANG_CXX_LANGUAGE_STANDARD = "gnu++17";
				CLANG_CXX_LIBRARY = "libc++";
				CLANG_ENABLE_MODULES = YES;
				CLANG_ENABLE_OBJC_ARC = YES;
				CLANG_ENABLE_OBJC_WEAK = YES;
				CLANG_WARN_BLOCK_CAPTURE_AUTORELEASING = YES;
				CLANG_WARN_BOOL_CONVERSION = YES;
				CLANG_WARN_COMMA = YES;
				CLANG_WARN_CONSTANT_CONVERSION = YES;
				CLANG_WARN_DEPRECATED_OBJC_IMPLEMENTATIONS = YES;
				CLANG_WARN_DIRECT_OBJC_ISA_USAGE = YES_ERROR;
				CLANG_WARN_DOCUMENTATION_COMMENTS = YES;
				CLANG_WARN_EMPTY_BODY = YES;
				CLANG_WARN_ENUM_CONVERSION = YES;
				CLANG_WARN_INFINITE_RECURSION = YES;
				CLANG_WARN_INT_CONVERSION = YES;
				CLANG_WARN_NON_LITERAL_NULL_CONVERSION = YES;
				CLANG_WARN_OBJC_IMPLICIT_RETAIN_SELF = YES;
				CLANG_WARN_OBJC_LITERAL_CONVERSION = YES;
				CLANG_WARN_OBJC_ROOT_CLASS = YES_ERROR;
				CLANG_WARN_QUOTED_INCLUDE_IN_FRAMEWORK_HEADER = YES;
				CLANG_WARN_RANGE_LOOP_ANALYSIS = YES;
				CLANG_WARN_STRICT_PROTOTYPES = YES;
				CLANG_WARN_SUSPICIOUS_MOVE = YES;
				CLANG_WARN_UNGUARDED_AVAILABILITY = YES_AGGRESSIVE;
				CLANG_WARN_UNREACHABLE_CODE = YES;
				CLANG_WARN__DUPLICATE_METHOD_MATCH = YES;
				COPY_PHASE_STRIP = NO;
				DEBUG_INFORMATION_FORMAT = "dwarf-with-dsym";
				ENABLE_NS_ASSERTIONS = NO;
				ENABLE_STRICT_OBJC_MSGSEND = YES;
				GCC_C_LANGUAGE_STANDARD = gnu11;
				GCC_NO_COMMON_BLOCKS = YES;
				GCC_WARN_64_TO_32_BIT_CONVERSION = YES;
				GCC_WARN_ABOUT_RETURN_TYPE = YES_ERROR;
				GCC_WARN_UNDECLARED_SELECTOR = YES;
				GCC_WARN_UNINITIALIZED_AUTOS = YES_AGGRESSIVE;
				GCC_WARN_UNUSED_FUNCTION = YES;
				GCC_WARN_UNUSED_VARIABLE = YES;
				IPHONEOS_DEPLOYMENT_TARGET = 15.2;
				MTL_ENABLE_DEBUG_INFO = NO;
				MTL_FAST_MATH = YES;
				SDKROOT = iphoneos;
				SWIFT_COMPILATION_MODE = wholemodule;
				SWIFT_OPTIMIZATION_LEVEL = "-O";
				VALIDATE_PRODUCT = YES;
			};
			name = Release;
		};
		E9235CBC278EAA2600C73737 /* Debug */ = {
			isa = XCBuildConfiguration;
			buildSettings = {
				ASSETCATALOG_COMPILER_APPICON_NAME = AppIcon;
				ASSETCATALOG_COMPILER_GLOBAL_ACCENT_COLOR_NAME = AccentColor;
				CODE_SIGN_STYLE = Automatic;
				CURRENT_PROJECT_VERSION = 1;
				GENERATE_INFOPLIST_FILE = YES;
				INFOPLIST_FILE = Todo/Info.plist;
				INFOPLIST_KEY_UIApplicationSupportsIndirectInputEvents = YES;
				INFOPLIST_KEY_UILaunchStoryboardName = LaunchScreen;
				INFOPLIST_KEY_UIMainStoryboardFile = Main;
				INFOPLIST_KEY_UISupportedInterfaceOrientations_iPad = "UIInterfaceOrientationPortrait UIInterfaceOrientationPortraitUpsideDown UIInterfaceOrientationLandscapeLeft UIInterfaceOrientationLandscapeRight";
				INFOPLIST_KEY_UISupportedInterfaceOrientations_iPhone = "UIInterfaceOrientationPortrait UIInterfaceOrientationLandscapeLeft UIInterfaceOrientationLandscapeRight";
				LD_RUNPATH_SEARCH_PATHS = (
					"$(inherited)",
					"@executable_path/Frameworks",
				);
				MARKETING_VERSION = 1.0;
				PRODUCT_BUNDLE_IDENTIFIER = com.JihoonKim.Todo;
				PRODUCT_NAME = "$(TARGET_NAME)";
				SWIFT_EMIT_LOC_STRINGS = YES;
				SWIFT_VERSION = 5.0;
				TARGETED_DEVICE_FAMILY = "1,2";
			};
			name = Debug;
		};
		E9235CBD278EAA2600C73737 /* Release */ = {
			isa = XCBuildConfiguration;
			buildSettings = {
				ASSETCATALOG_COMPILER_APPICON_NAME = AppIcon;
				ASSETCATALOG_COMPILER_GLOBAL_ACCENT_COLOR_NAME = AccentColor;
				CODE_SIGN_STYLE = Automatic;
				CURRENT_PROJECT_VERSION = 1;
				GENERATE_INFOPLIST_FILE = YES;
				INFOPLIST_FILE = Todo/Info.plist;
				INFOPLIST_KEY_UIApplicationSupportsIndirectInputEvents = YES;
				INFOPLIST_KEY_UILaunchStoryboardName = LaunchScreen;
				INFOPLIST_KEY_UIMainStoryboardFile = Main;
				INFOPLIST_KEY_UISupportedInterfaceOrientations_iPad = "UIInterfaceOrientationPortrait UIInterfaceOrientationPortraitUpsideDown UIInterfaceOrientationLandscapeLeft UIInterfaceOrientationLandscapeRight";
				INFOPLIST_KEY_UISupportedInterfaceOrientations_iPhone = "UIInterfaceOrientationPortrait UIInterfaceOrientationLandscapeLeft UIInterfaceOrientationLandscapeRight";
				LD_RUNPATH_SEARCH_PATHS = (
					"$(inherited)",
					"@executable_path/Frameworks",
				);
				MARKETING_VERSION = 1.0;
				PRODUCT_BUNDLE_IDENTIFIER = com.JihoonKim.Todo;
				PRODUCT_NAME = "$(TARGET_NAME)";
				SWIFT_EMIT_LOC_STRINGS = YES;
				SWIFT_VERSION = 5.0;
				TARGETED_DEVICE_FAMILY = "1,2";
			};
			name = Release;
		};
		E9235CBF278EAA2600C73737 /* Debug */ = {
			isa = XCBuildConfiguration;
			buildSettings = {
				ALWAYS_EMBED_SWIFT_STANDARD_LIBRARIES = YES;
				BUNDLE_LOADER = "$(TEST_HOST)";
				CODE_SIGN_STYLE = Automatic;
				CURRENT_PROJECT_VERSION = 1;
				GENERATE_INFOPLIST_FILE = YES;
				IPHONEOS_DEPLOYMENT_TARGET = 15.2;
				MARKETING_VERSION = 1.0;
				PRODUCT_BUNDLE_IDENTIFIER = com.JihoonKim.TodoTests;
				PRODUCT_NAME = "$(TARGET_NAME)";
				SWIFT_EMIT_LOC_STRINGS = NO;
				SWIFT_VERSION = 5.0;
				TARGETED_DEVICE_FAMILY = "1,2";
				TEST_HOST = "$(BUILT_PRODUCTS_DIR)/Todo.app/Todo";
			};
			name = Debug;
		};
		E9235CC0278EAA2600C73737 /* Release */ = {
			isa = XCBuildConfiguration;
			buildSettings = {
				ALWAYS_EMBED_SWIFT_STANDARD_LIBRARIES = YES;
				BUNDLE_LOADER = "$(TEST_HOST)";
				CODE_SIGN_STYLE = Automatic;
				CURRENT_PROJECT_VERSION = 1;
				GENERATE_INFOPLIST_FILE = YES;
				IPHONEOS_DEPLOYMENT_TARGET = 15.2;
				MARKETING_VERSION = 1.0;
				PRODUCT_BUNDLE_IDENTIFIER = com.JihoonKim.TodoTests;
				PRODUCT_NAME = "$(TARGET_NAME)";
				SWIFT_EMIT_LOC_STRINGS = NO;
				SWIFT_VERSION = 5.0;
				TARGETED_DEVICE_FAMILY = "1,2";
				TEST_HOST = "$(BUILT_PRODUCTS_DIR)/Todo.app/Todo";
			};
			name = Release;
		};
		E9235CC2278EAA2600C73737 /* Debug */ = {
			isa = XCBuildConfiguration;
			buildSettings = {
				ALWAYS_EMBED_SWIFT_STANDARD_LIBRARIES = YES;
				CODE_SIGN_STYLE = Automatic;
				CURRENT_PROJECT_VERSION = 1;
				GENERATE_INFOPLIST_FILE = YES;
				MARKETING_VERSION = 1.0;
				PRODUCT_BUNDLE_IDENTIFIER = com.JihoonKim.TodoUITests;
				PRODUCT_NAME = "$(TARGET_NAME)";
				SWIFT_EMIT_LOC_STRINGS = NO;
				SWIFT_VERSION = 5.0;
				TARGETED_DEVICE_FAMILY = "1,2";
				TEST_TARGET_NAME = Todo;
			};
			name = Debug;
		};
		E9235CC3278EAA2600C73737 /* Release */ = {
			isa = XCBuildConfiguration;
			buildSettings = {
				ALWAYS_EMBED_SWIFT_STANDARD_LIBRARIES = YES;
				CODE_SIGN_STYLE = Automatic;
				CURRENT_PROJECT_VERSION = 1;
				GENERATE_INFOPLIST_FILE = YES;
				MARKETING_VERSION = 1.0;
				PRODUCT_BUNDLE_IDENTIFIER = com.JihoonKim.TodoUITests;
				PRODUCT_NAME = "$(TARGET_NAME)";
				SWIFT_EMIT_LOC_STRINGS = NO;
				SWIFT_VERSION = 5.0;
				TARGETED_DEVICE_FAMILY = "1,2";
				TEST_TARGET_NAME = Todo;
			};
			name = Release;
		};
/* End XCBuildConfiguration section */

/* Begin XCConfigurationList section */
		E9235C8C278EAA2300C73737 /* Build configuration list for PBXProject "Todo" */ = {
			isa = XCConfigurationList;
			buildConfigurations = (
				E9235CB9278EAA2600C73737 /* Debug */,
				E9235CBA278EAA2600C73737 /* Release */,
			);
			defaultConfigurationIsVisible = 0;
			defaultConfigurationName = Release;
		};
		E9235CBB278EAA2600C73737 /* Build configuration list for PBXNativeTarget "Todo" */ = {
			isa = XCConfigurationList;
			buildConfigurations = (
				E9235CBC278EAA2600C73737 /* Debug */,
				E9235CBD278EAA2600C73737 /* Release */,
			);
			defaultConfigurationIsVisible = 0;
			defaultConfigurationName = Release;
		};
		E9235CBE278EAA2600C73737 /* Build configuration list for PBXNativeTarget "TodoTests" */ = {
			isa = XCConfigurationList;
			buildConfigurations = (
				E9235CBF278EAA2600C73737 /* Debug */,
				E9235CC0278EAA2600C73737 /* Release */,
			);
			defaultConfigurationIsVisible = 0;
			defaultConfigurationName = Release;
		};
		E9235CC1278EAA2600C73737 /* Build configuration list for PBXNativeTarget "TodoUITests" */ = {
			isa = XCConfigurationList;
			buildConfigurations = (
				E9235CC2278EAA2600C73737 /* Debug */,
				E9235CC3278EAA2600C73737 /* Release */,
			);
			defaultConfigurationIsVisible = 0;
			defaultConfigurationName = Release;
		};
/* End XCConfigurationList section */
	};
	rootObject = E9235C89278EAA2300C73737 /* Project object */;
}
